
Microsoft Visual Studio Solution File, Format Version 12.00
# Visual Studio Version 16
VisualStudioVersion = 16.0.32002.261
MinimumVisualStudioVersion = 10.0.40219.1
Project("{FAE04EC0-301F-11D3-BF4B-00C04F79EFBC}") = "Mission13", "Mission13\Mission13.csproj", "{01824278-20D7-4848-B73C-995077FE76F4}"
EndProject
Global
	GlobalSection(SolutionConfigurationPlatforms) = preSolution
		Debug|Any CPU = Debug|Any CPU
		Release|Any CPU = Release|Any CPU
	EndGlobalSection
	GlobalSection(ProjectConfigurationPlatforms) = postSolution
		{01824278-20D7-4848-B73C-995077FE76F4}.Debug|Any CPU.ActiveCfg = Debug|Any CPU
		{01824278-20D7-4848-B73C-995077FE76F4}.Debug|Any CPU.Build.0 = Debug|Any CPU
		{01824278-20D7-4848-B73C-995077FE76F4}.Release|Any CPU.ActiveCfg = Release|Any CPU
		{01824278-20D7-4848-B73C-995077FE76F4}.Release|Any CPU.Build.0 = Release|Any CPU
	EndGlobalSection
	GlobalSection(SolutionProperties) = preSolution
		HideSolutionNode = FALSE
	EndGlobalSection
	GlobalSection(ExtensibilityGlobals) = postSolution
		SolutionGuid = {0353A124-2578-498E-B066-7CC33B18258E}
	EndGlobalSection
EndGlobal
